// !$*UTF8*$!
{
	archiveVersion = 1;
	classes = {
	};
	objectVersion = 46;
	objects = {

/* Begin PBXBuildFile section */
		C954EF8BD1F992487C8726C5 /* Pods_RoposoProject.framework in Frameworks */ = {isa = PBXBuildFile; fileRef = 38EC76405CB3631A1ED2C7FC /* Pods_RoposoProject.framework */; };
		CB1BDBE11D8EF00700C66907 /* CommonMethod.swift in Sources */ = {isa = PBXBuildFile; fileRef = CB1BDBDC1D8EF00700C66907 /* CommonMethod.swift */; };
		CB1BDBE21D8EF00700C66907 /* data.json in Resources */ = {isa = PBXBuildFile; fileRef = CB1BDBDD1D8EF00700C66907 /* data.json */; };
		CB1BDBE31D8EF00700C66907 /* StoryData.swift in Sources */ = {isa = PBXBuildFile; fileRef = CB1BDBDF1D8EF00700C66907 /* StoryData.swift */; };
		CB1BDBE41D8EF00700C66907 /* UserData.swift in Sources */ = {isa = PBXBuildFile; fileRef = CB1BDBE01D8EF00700C66907 /* UserData.swift */; };
		CBDB77651D8EEDBA007BF395 /* AppDelegate.swift in Sources */ = {isa = PBXBuildFile; fileRef = CBDB77641D8EEDBA007BF395 /* AppDelegate.swift */; };
		CBDB776C1D8EEDBA007BF395 /* Assets.xcassets in Resources */ = {isa = PBXBuildFile; fileRef = CBDB776B1D8EEDBA007BF395 /* Assets.xcassets */; };
		CBDB776F1D8EEDBA007BF395 /* LaunchScreen.storyboard in Resources */ = {isa = PBXBuildFile; fileRef = CBDB776D1D8EEDBA007BF395 /* LaunchScreen.storyboard */; };
/* End PBXBuildFile section */

/* Begin PBXFileReference section */
		38EC76405CB3631A1ED2C7FC /* Pods_RoposoProject.framework */ = {isa = PBXFileReference; explicitFileType = wrapper.framework; includeInIndex = 0; path = Pods_RoposoProject.framework; sourceTree = BUILT_PRODUCTS_DIR; };
		81E5F9E14630286D7788D2E2 /* Pods-RoposoProject.debug.xcconfig */ = {isa = PBXFileReference; includeInIndex = 1; lastKnownFileType = text.xcconfig; name = "Pods-RoposoProject.debug.xcconfig"; path = "Pods/Target Support Files/Pods-RoposoProject/Pods-RoposoProject.debug.xcconfig"; sourceTree = "<group>"; };
		CB1BDBDC1D8EF00700C66907 /* CommonMethod.swift */ = {isa = PBXFileReference; fileEncoding = 4; lastKnownFileType = sourcecode.swift; path = CommonMethod.swift; sourceTree = "<group>"; };
		CB1BDBDD1D8EF00700C66907 /* data.json */ = {isa = PBXFileReference; fileEncoding = 4; lastKnownFileType = text.json; path = data.json; sourceTree = "<group>"; };
		CB1BDBDF1D8EF00700C66907 /* StoryData.swift */ = {isa = PBXFileReference; fileEncoding = 4; lastKnownFileType = sourcecode.swift; path = StoryData.swift; sourceTree = "<group>"; };
		CB1BDBE01D8EF00700C66907 /* UserData.swift */ = {isa = PBXFileReference; fileEncoding = 4; lastKnownFileType = sourcecode.swift; path = UserData.swift; sourceTree = "<group>"; };
		CBDB77611D8EEDBA007BF395 /* RoposoProject.app */ = {isa = PBXFileReference; explicitFileType = wrapper.application; includeInIndex = 0; path = RoposoProject.app; sourceTree = BUILT_PRODUCTS_DIR; };
		CBDB77641D8EEDBA007BF395 /* AppDelegate.swift */ = {isa = PBXFileReference; lastKnownFileType = sourcecode.swift; path = AppDelegate.swift; sourceTree = "<group>"; };
		CBDB776B1D8EEDBA007BF395 /* Assets.xcassets */ = {isa = PBXFileReference; lastKnownFileType = folder.assetcatalog; path = Assets.xcassets; sourceTree = "<group>"; };
		CBDB776E1D8EEDBA007BF395 /* Base */ = {isa = PBXFileReference; lastKnownFileType = file.storyboard; name = Base; path = Base.lproj/LaunchScreen.storyboard; sourceTree = "<group>"; };
		CBDB77701D8EEDBA007BF395 /* Info.plist */ = {isa = PBXFileReference; lastKnownFileType = text.plist.xml; path = Info.plist; sourceTree = "<group>"; };
		E4EDDE07DA2726F7A8913E87 /* Pods-RoposoProject.release.xcconfig */ = {isa = PBXFileReference; includeInIndex = 1; lastKnownFileType = text.xcconfig; name = "Pods-RoposoProject.release.xcconfig"; path = "Pods/Target Support Files/Pods-RoposoProject/Pods-RoposoProject.release.xcconfig"; sourceTree = "<group>"; };
/* End PBXFileReference section */

/* Begin PBXFrameworksBuildPhase section */
		CBDB775E1D8EEDBA007BF395 /* Frameworks */ = {
			isa = PBXFrameworksBuildPhase;
			buildActionMask = 2147483647;
			files = (
				C954EF8BD1F992487C8726C5 /* Pods_RoposoProject.framework in Frameworks */,
			);
			runOnlyForDeploymentPostprocessing = 0;
		};
/* End PBXFrameworksBuildPhase section */

/* Begin PBXGroup section */
		42CCB2F86CB0D8D0F5F07760 /* Frameworks */ = {
			isa = PBXGroup;
			children = (
				38EC76405CB3631A1ED2C7FC /* Pods_RoposoProject.framework */,
			);
			name = Frameworks;
			sourceTree = "<group>";
		};
		C61FF8DFEC9B16D4CA995009 /* Pods */ = {
			isa = PBXGroup;
			children = (
				81E5F9E14630286D7788D2E2 /* Pods-RoposoProject.debug.xcconfig */,
				E4EDDE07DA2726F7A8913E87 /* Pods-RoposoProject.release.xcconfig */,
			);
			name = Pods;
			sourceTree = "<group>";
		};
		CB1BDBDB1D8EF00700C66907 /* Helper */ = {
			isa = PBXGroup;
			children = (
				CB1BDBDC1D8EF00700C66907 /* CommonMethod.swift */,
				CB1BDBDD1D8EF00700C66907 /* data.json */,
			);
			path = Helper;
			sourceTree = "<group>";
		};
		CB1BDBDE1D8EF00700C66907 /* Modal */ = {
			isa = PBXGroup;
			children = (
				CB1BDBDF1D8EF00700C66907 /* StoryData.swift */,
				CB1BDBE01D8EF00700C66907 /* UserData.swift */,
			);
			path = Modal;
			sourceTree = "<group>";
		};
		CBDB77581D8EEDBA007BF395 = {
			isa = PBXGroup;
			children = (
				CBDB77631D8EEDBA007BF395 /* RoposoProject */,
				CBDB77621D8EEDBA007BF395 /* Products */,
				C61FF8DFEC9B16D4CA995009 /* Pods */,
				42CCB2F86CB0D8D0F5F07760 /* Frameworks */,
			);
			sourceTree = "<group>";
		};
		CBDB77621D8EEDBA007BF395 /* Products */ = {
			isa = PBXGroup;
			children = (
				CBDB77611D8EEDBA007BF395 /* RoposoProject.app */,
			);
			name = Products;
			sourceTree = "<group>";
		};
		CBDB77631D8EEDBA007BF395 /* RoposoProject */ = {
			isa = PBXGroup;
			children = (
				CB1BDBDB1D8EF00700C66907 /* Helper */,
				CB1BDBDE1D8EF00700C66907 /* Modal */,
				CBDB77641D8EEDBA007BF395 /* AppDelegate.swift */,
				CBDB776B1D8EEDBA007BF395 /* Assets.xcassets */,
				CBDB776D1D8EEDBA007BF395 /* LaunchScreen.storyboard */,
				CBDB77701D8EEDBA007BF395 /* Info.plist */,
			);
			path = RoposoProject;
			sourceTree = "<group>";
		};
/* End PBXGroup section */

/* Begin PBXNativeTarget section */
		CBDB77601D8EEDBA007BF395 /* RoposoProject */ = {
			isa = PBXNativeTarget;
			buildConfigurationList = CBDB77731D8EEDBA007BF395 /* Build configuration list for PBXNativeTarget "RoposoProject" */;
			buildPhases = (
				2EE0A291D5113859ABE1C272 /* Check Pods Manifest.lock */,
				CBDB775D1D8EEDBA007BF395 /* Sources */,
				CBDB775E1D8EEDBA007BF395 /* Frameworks */,
				CBDB775F1D8EEDBA007BF395 /* Resources */,
				372D26E4C535BC7ABC4FDFAB /* Embed Pods Frameworks */,
				43855421BD2638757837AC2D /* Copy Pods Resources */,
			);
			buildRules = (
			);
			dependencies = (
			);
			name = RoposoProject;
			productName = RoposoProject;
			productReference = CBDB77611D8EEDBA007BF395 /* RoposoProject.app */;
			productType = "com.apple.product-type.application";
		};
/* End PBXNativeTarget section */

/* Begin PBXProject section */
		CBDB77591D8EEDBA007BF395 /* Project object */ = {
			isa = PBXProject;
			attributes = {
				LastSwiftUpdateCheck = 0800;
				LastUpgradeCheck = 0800;
				ORGANIZATIONNAME = "Nitin Jain";
				TargetAttributes = {
					CBDB77601D8EEDBA007BF395 = {
						CreatedOnToolsVersion = 8.0;
						ProvisioningStyle = Automatic;
					};
				};
			};
			buildConfigurationList = CBDB775C1D8EEDBA007BF395 /* Build configuration list for PBXProject "RoposoProject" */;
			compatibilityVersion = "Xcode 3.2";
			developmentRegion = English;
			hasScannedForEncodings = 0;
			knownRegions = (
				en,
				Base,
			);
			mainGroup = CBDB77581D8EEDBA007BF395;
			productRefGroup = CBDB77621D8EEDBA007BF395 /* Products */;
			projectDirPath = "";
			projectRoot = "";
			targets = (
				CBDB77601D8EEDBA007BF395 /* RoposoProject */,
			);
		};
/* End PBXProject section */

/* Begin PBXResourcesBuildPhase section */
		CBDB775F1D8EEDBA007BF395 /* Resources */ = {
			isa = PBXResourcesBuildPhase;
			buildActionMask = 2147483647;
			files = (
				CBDB776F1D8EEDBA007BF395 /* LaunchScreen.storyboard in Resources */,
				CB1BDBE21D8EF00700C66907 /* data.json in Resources */,
				CBDB776C1D8EEDBA007BF395 /* Assets.xcassets in Resources */,
			);
			runOnlyForDeploymentPostprocessing = 0;
		};
/* End PBXResourcesBuildPhase section */

/* Begin PBXShellScriptBuildPhase section */
		2EE0A291D5113859ABE1C272 /* Check Pods Manifest.lock */ = {
			isa = PBXShellScriptBuildPhase;
			buildActionMask = 2147483647;
			files = (
			);
			inputPaths = (
			);
			name = "Check Pods Manifest.lock";
			outputPaths = (
			);
			runOnlyForDeploymentPostprocessing = 0;
			shellPath = /bin/sh;
			shellScript = "diff \"${PODS_ROOT}/../Podfile.lock\" \"${PODS_ROOT}/Manifest.lock\" > /dev/null\nif [[ $? != 0 ]] ; then\n    cat << EOM\nerror: The sandbox is not in sync with the Podfile.lock. Run 'pod install' or update your CocoaPods installation.\nEOM\n    exit 1\nfi\n";
			showEnvVarsInLog = 0;
		};
		372D26E4C535BC7ABC4FDFAB /* Embed Pods Frameworks */ = {
			isa = PBXShellScriptBuildPhase;
			buildActionMask = 2147483647;
			files = (
			);
			inputPaths = (
			);
			name = "Embed Pods Frameworks";
			outputPaths = (
			);
			runOnlyForDeploymentPostprocessing = 0;
			shellPath = /bin/sh;
			shellScript = "\"${SRCROOT}/Pods/Target Support Files/Pods-RoposoProject/Pods-RoposoProject-frameworks.sh\"\n";
			showEnvVarsInLog = 0;
		};
		43855421BD2638757837AC2D /* Copy Pods Resources */ = {
			isa = PBXShellScriptBuildPhase;
			buildActionMask = 2147483647;
			files = (
			);
			inputPaths = (
			);
			name = "Copy Pods Resources";
			outputPaths = (
			);
			runOnlyForDeploymentPostprocessing = 0;
			shellPath = /bin/sh;
			shellScript = "\"${SRCROOT}/Pods/Target Support Files/Pods-RoposoProject/Pods-RoposoProject-resources.sh\"\n";
			showEnvVarsInLog = 0;
		};
/* End PBXShellScriptBuildPhase section */

/* Begin PBXSourcesBuildPhase section */
		CBDB775D1D8EEDBA007BF395 /* Sources */ = {
			isa = PBXSourcesBuildPhase;
			buildActionMask = 2147483647;
			files = (
				CBDB77651D8EEDBA007BF395 /* AppDelegate.swift in Sources */,
				CB1BDBE11D8EF00700C66907 /* CommonMethod.swift in Sources */,
				CB1BDBE41D8EF00700C66907 /* UserData.swift in Sources */,
				CB1BDBE31D8EF00700C66907 /* StoryData.swift in Sources */,
			);
			runOnlyForDeploymentPostprocessing = 0;
		};
/* End PBXSourcesBuildPhase section */

/* Begin PBXVariantGroup section */
		CBDB776D1D8EEDBA007BF395 /* LaunchScreen.storyboard */ = {
			isa = PBXVariantGroup;
			children = (
				CBDB776E1D8EEDBA007BF395 /* Base */,
			);
			name = LaunchScreen.storyboard;
			sourceTree = "<group>";
		};
/* End PBXVariantGroup section */

/* Begin XCBuildConfiguration section */
		CBDB77711D8EEDBA007BF395 /* Debug */ = {
			isa = XCBuildConfiguration;
			buildSettings = {
				ALWAYS_SEARCH_USER_PATHS = NO;
				CLANG_ANALYZER_NONNULL = YES;
				CLANG_CXX_LANGUAGE_STANDARD = "gnu++0x";
				CLANG_CXX_LIBRARY = "libc++";
				CLANG_ENABLE_MODULES = YES;
				CLANG_ENABLE_OBJC_ARC = YES;
				CLANG_WARN_BOOL_CONVERSION = YES;
				CLANG_WARN_CONSTANT_CONVERSION = YES;
				CLANG_WARN_DIRECT_OBJC_ISA_USAGE = YES_ERROR;
				CLANG_WARN_DOCUMENTATION_COMMENTS = YES;
				CLANG_WARN_EMPTY_BODY = YES;
				CLANG_WARN_ENUM_CONVERSION = YES;
				CLANG_WARN_INFINITE_RECURSION = YES;
				CLANG_WARN_INT_CONVERSION = YES;
				CLANG_WARN_OBJC_ROOT_CLASS = YES_ERROR;
				CLANG_WARN_SUSPICIOUS_MOVES = YES;
				CLANG_WARN_UNREACHABLE_CODE = YES;
				CLANG_WARN__DUPLICATE_METHOD_MATCH = YES;
				"CODE_SIGN_IDENTITY[sdk=iphoneos*]" = "iPhone Developer";
				COPY_PHASE_STRIP = NO;
				DEBUG_INFORMATION_FORMAT = dwarf;
				ENABLE_STRICT_OBJC_MSGSEND = YES;
				ENABLE_TESTABILITY = YES;
				GCC_C_LANGUAGE_STANDARD = gnu99;
				GCC_DYNAMIC_NO_PIC = NO;
				GCC_NO_COMMON_BLOCKS = YES;
				GCC_OPTIMIZATION_LEVEL = 0;
				GCC_PREPROCESSOR_DEFINITIONS = (
					"DEBUG=1",
					"$(inherited)",
				);
				GCC_WARN_64_TO_32_BIT_CONVERSION = YES;
				GCC_WARN_ABOUT_RETURN_TYPE = YES_ERROR;
				GCC_WARN_UNDECLARED_SELECTOR = YES;
				GCC_WARN_UNINITIALIZED_AUTOS = YES_AGGRESSIVE;
				GCC_WARN_UNUSED_FUNCTION = YES;
				GCC_WARN_UNUSED_VARIABLE = YES;
				IPHONEOS_DEPLOYMENT_TARGET = 10.0;
				MTL_ENABLE_DEBUG_INFO = YES;
				ONLY_ACTIVE_ARCH = YES;
				SDKROOT = iphoneos;
				SWIFT_ACTIVE_COMPILATION_CONDITIONS = DEBUG;
				SWIFT_OPTIMIZATION_LEVEL = "-Onone";
			};
			name = Debug;
		};
		CBDB77721D8EEDBA007BF395 /* Release */ = {
			isa = XCBuildConfiguration;
			buildSettings = {
				ALWAYS_SEARCH_USER_PATHS = NO;
				CLANG_ANALYZER_NONNULL = YES;
				CLANG_CXX_LANGUAGE_STANDARD = "gnu++0x";
				CLANG_CXX_LIBRARY = "libc++";
				CLANG_ENABLE_MODULES = YES;
				CLANG_ENABLE_OBJC_ARC = YES;
				CLANG_WARN_BOOL_CONVERSION = YES;
				CLANG_WARN_CONSTANT_CONVERSION = YES;
				CLANG_WARN_DIRECT_OBJC_ISA_USAGE = YES_ERROR;
				CLANG_WARN_DOCUMENTATION_COMMENTS = YES;
				CLANG_WARN_EMPTY_BODY = YES;
				CLANG_WARN_ENUM_CONVERSION = YES;
				CLANG_WARN_INFINITE_RECURSION = YES;
				CLANG_WARN_INT_CONVERSION = YES;
				CLANG_WARN_OBJC_ROOT_CLASS = YES_ERROR;
				CLANG_WARN_SUSPICIOUS_MOVES = YES;
				CLANG_WARN_UNREACHABLE_CODE = YES;
				CLANG_WARN__DUPLICATE_METHOD_MATCH = YES;
				"CODE_SIGN_IDENTITY[sdk=iphoneos*]" = "iPhone Developer";
				COPY_PHASE_STRIP = NO;
				DEBUG_INFORMATION_FORMAT = "dwarf-with-dsym";
				ENABLE_NS_ASSERTIONS = NO;
				ENABLE_STRICT_OBJC_MSGSEND = YES;
				GCC_C_LANGUAGE_STANDARD = gnu99;
				GCC_NO_COMMON_BLOCKS = YES;
				GCC_WARN_64_TO_32_BIT_CONVERSION = YES;
				GCC_WARN_ABOUT_RETURN_TYPE = YES_ERROR;
				GCC_WARN_UNDECLARED_SELECTOR = YES;
				GCC_WARN_UNINITIALIZED_AUTOS = YES_AGGRESSIVE;
				GCC_WARN_UNUSED_FUNCTION = YES;
				GCC_WARN_UNUSED_VARIABLE = YES;
				IPHONEOS_DEPLOYMENT_TARGET = 10.0;
				MTL_ENABLE_DEBUG_INFO = NO;
				SDKROOT = iphoneos;
				SWIFT_OPTIMIZATION_LEVEL = "-Owholemodule";
				VALIDATE_PRODUCT = YES;
			};
			name = Release;
		};
		CBDB77741D8EEDBA007BF395 /* Debug */ = {
			isa = XCBuildConfiguration;
			baseConfigurationReference = 81E5F9E14630286D7788D2E2 /* Pods-RoposoProject.debug.xcconfig */;
			buildSettings = {
				ASSETCATALOG_COMPILER_APPICON_NAME = AppIcon;
				INFOPLIST_FILE = RoposoProject/Info.plist;
				LD_RUNPATH_SEARCH_PATHS = "$(inherited) @executable_path/Frameworks";
				PRODUCT_BUNDLE_IDENTIFIER = com.ios.RoposoProject;
				PRODUCT_NAME = "$(TARGET_NAME)";
				SWIFT_VERSION = 3.0;
			};
			name = Debug;
		};
		CBDB77751D8EEDBA007BF395 /* Release */ = {
			isa = XCBuildConfiguration;
			baseConfigurationReference = E4EDDE07DA2726F7A8913E87 /* Pods-RoposoProject.release.xcconfig */;
			buildSettings = {
				ASSETCATALOG_COMPILER_APPICON_NAME = AppIcon;
				INFOPLIST_FILE = RoposoProject/Info.plist;
				LD_RUNPATH_SEARCH_PATHS = "$(inherited) @executable_path/Frameworks";
				PRODUCT_BUNDLE_IDENTIFIER = com.ios.RoposoProject;
				PRODUCT_NAME = "$(TARGET_NAME)";
				SWIFT_VERSION = 3.0;
			};
			name = Release;
		};
/* End XCBuildConfiguration section */

/* Begin XCConfigurationList section */
		CBDB775C1D8EEDBA007BF395 /* Build configuration list for PBXProject "RoposoProject" */ = {
			isa = XCConfigurationList;
			buildConfigurations = (
				CBDB77711D8EEDBA007BF395 /* Debug */,
				CBDB77721D8EEDBA007BF395 /* Release */,
			);
			defaultConfigurationIsVisible = 0;
			defaultConfigurationName = Release;
		};
		CBDB77731D8EEDBA007BF395 /* Build configuration list for PBXNativeTarget "RoposoProject" */ = {
			isa = XCConfigurationList;
			buildConfigurations = (
				CBDB77741D8EEDBA007BF395 /* Debug */,
				CBDB77751D8EEDBA007BF395 /* Release */,
			);
			defaultConfigurationIsVisible = 0;
			defaultConfigurationName = Release;
		};
/* End XCConfigurationList section */
	};
	rootObject = CBDB77591D8EEDBA007BF395 /* Project object */;
}
